
Microsoft Visual Studio Solution File, Format Version 12.00
# Visual Studio Version 17
VisualStudioVersion = 17.9.34728.123
MinimumVisualStudioVersion = 10.0.40219.1
Project("{9A19103F-16F7-4668-BE54-9A1E7A4F7556}") = "File Directory Organizing Helper", "File Directory Organizing Helper\File Directory Organizing Helper.csproj", "{FA22C75E-8D64-43D5-BF3A-E6EE642C36AB}"
EndProject
Global
	GlobalSection(SolutionConfigurationPlatforms) = preSolution
		Debug|Any CPU = Debug|Any CPU
		Debug|x64 = Debug|x64
		Release|Any CPU = Release|Any CPU
		Release|x64 = Release|x64
		test|Any CPU = test|Any CPU
		test|x64 = test|x64
	EndGlobalSection
	GlobalSection(ProjectConfigurationPlatforms) = postSolution
		{FA22C75E-8D64-43D5-BF3A-E6EE642C36AB}.Debug|Any CPU.ActiveCfg = Debug|Any CPU
		{FA22C75E-8D64-43D5-BF3A-E6EE642C36AB}.Debug|Any CPU.Build.0 = Debug|Any CPU
		{FA22C75E-8D64-43D5-BF3A-E6EE642C36AB}.Debug|x64.ActiveCfg = Debug|x64
		{FA22C75E-8D64-43D5-BF3A-E6EE642C36AB}.Debug|x64.Build.0 = Debug|x64
		{FA22C75E-8D64-43D5-BF3A-E6EE642C36AB}.Release|Any CPU.ActiveCfg = Release|Any CPU
		{FA22C75E-8D64-43D5-BF3A-E6EE642C36AB}.Release|Any CPU.Build.0 = Release|Any CPU
		{FA22C75E-8D64-43D5-BF3A-E6EE642C36AB}.Release|x64.ActiveCfg = Release|x64
		{FA22C75E-8D64-43D5-BF3A-E6EE642C36AB}.Release|x64.Build.0 = Release|x64
		{FA22C75E-8D64-43D5-BF3A-E6EE642C36AB}.test|Any CPU.ActiveCfg = test|Any CPU
		{FA22C75E-8D64-43D5-BF3A-E6EE642C36AB}.test|Any CPU.Build.0 = test|Any CPU
		{FA22C75E-8D64-43D5-BF3A-E6EE642C36AB}.test|x64.ActiveCfg = test|x64
		{FA22C75E-8D64-43D5-BF3A-E6EE642C36AB}.test|x64.Build.0 = test|x64
	EndGlobalSection
	GlobalSection(SolutionProperties) = preSolution
		HideSolutionNode = FALSE
	EndGlobalSection
	GlobalSection(ExtensibilityGlobals) = postSolution
		SolutionGuid = {6CB244E8-5609-40ED-AD68-1DD977CCEE19}
	EndGlobalSection
EndGlobal
